Microsoft Visual Studio Solution File, Format Version 12.00
# Visual Studio 2012
Project("{FAE04EC0-301F-11D3-BF4B-00C04F79EFBC}") = "Rails", "Rails.csproj", "{3C8402F1-F110-4C25-A1FE-0541A448C679}"
EndProject
Project("{FAE04EC0-301F-11D3-BF4B-00C04F79EFBC}") = "Graphics", "Graphics\Graphics.csproj", "{338198D7-A70F-41E6-854B-465950CC2A4E}"
EndProject
Project("{54435603-DBB4-11D2-8724-00A0C9A8B90C}") = "Setup", "Setup\Setup.vdproj", "{75817252-7793-449A-83E5-E888856972C5}"
EndProject
Global
	GlobalSection(SolutionConfigurationPlatforms) = preSolution
		Debug|Any CPU = Debug|Any CPU
		Release|Any CPU = Release|Any CPU
		Test|Any CPU = Test|Any CPU
	EndGlobalSection
	GlobalSection(ProjectConfigurationPlatforms) = postSolution
		{3C8402F1-F110-4C25-A1FE-0541A448C679}.Debug|Any CPU.ActiveCfg = Debug|Any CPU
		{3C8402F1-F110-4C25-A1FE-0541A448C679}.Debug|Any CPU.Build.0 = Debug|Any CPU
		{3C8402F1-F110-4C25-A1FE-0541A448C679}.Release|Any CPU.ActiveCfg = Release|Any CPU
		{3C8402F1-F110-4C25-A1FE-0541A448C679}.Release|Any CPU.Build.0 = Release|Any CPU
		{3C8402F1-F110-4C25-A1FE-0541A448C679}.Test|Any CPU.ActiveCfg = Test|Any CPU
		{3C8402F1-F110-4C25-A1FE-0541A448C679}.Test|Any CPU.Build.0 = Test|Any CPU
		{338198D7-A70F-41E6-854B-465950CC2A4E}.Debug|Any CPU.ActiveCfg = Debug|Any CPU
		{338198D7-A70F-41E6-854B-465950CC2A4E}.Debug|Any CPU.Build.0 = Debug|Any CPU
		{338198D7-A70F-41E6-854B-465950CC2A4E}.Release|Any CPU.ActiveCfg = Release|Any CPU
		{338198D7-A70F-41E6-854B-465950CC2A4E}.Release|Any CPU.Build.0 = Release|Any CPU
		{338198D7-A70F-41E6-854B-465950CC2A4E}.Test|Any CPU.ActiveCfg = Test|Any CPU
		{338198D7-A70F-41E6-854B-465950CC2A4E}.Test|Any CPU.Build.0 = Test|Any CPU
		{75817252-7793-449A-83E5-E888856972C5}.Debug|Any CPU.ActiveCfg = Debug
		{75817252-7793-449A-83E5-E888856972C5}.Release|Any CPU.ActiveCfg = Release
		{75817252-7793-449A-83E5-E888856972C5}.Test|Any CPU.ActiveCfg = Release
	EndGlobalSection
	GlobalSection(SolutionProperties) = preSolution
		HideSolutionNode = FALSE
	EndGlobalSection
EndGlobal
